// !$*UTF8*$!
{
	archiveVersion = 1;
	classes = {
	};
	objectVersion = 50;
	objects = {

/* Begin PBXBuildFile section */
		1C595C75258A42D800DA7B3C /* GraphCapsule.swift in Sources */ = {isa = PBXBuildFile; fileRef = 1C595C71258A42D800DA7B3C /* GraphCapsule.swift */; };
		1C595C76258A42D800DA7B3C /* HikeGraph.swift in Sources */ = {isa = PBXBuildFile; fileRef = 1C595C72258A42D800DA7B3C /* HikeGraph.swift */; };
		1C595C77258A42D800DA7B3C /* HikeDetail.swift in Sources */ = {isa = PBXBuildFile; fileRef = 1C595C73258A42D800DA7B3C /* HikeDetail.swift */; };
		1C595C78258A42D800DA7B3C /* HikeView.swift in Sources */ = {isa = PBXBuildFile; fileRef = 1C595C74258A42D800DA7B3C /* HikeView.swift */; };
		1C725291258AAF1000D17B0C /* CategoryHome.swift in Sources */ = {isa = PBXBuildFile; fileRef = 1C725290258AAF1000D17B0C /* CategoryHome.swift */; };
		1C725295258AB5FE00D17B0C /* CategoryRow.swift in Sources */ = {isa = PBXBuildFile; fileRef = 1C725294258AB5FE00D17B0C /* CategoryRow.swift */; };
		1C725298258AB79800D17B0C /* CategoryItem.swift in Sources */ = {isa = PBXBuildFile; fileRef = 1C725297258AB79800D17B0C /* CategoryItem.swift */; };
		1C72529B258BAC6800D17B0C /* Profile.swift in Sources */ = {isa = PBXBuildFile; fileRef = 1C72529A258BAC6800D17B0C /* Profile.swift */; };
		1C72529F258BAD3900D17B0C /* ProfileHost.swift in Sources */ = {isa = PBXBuildFile; fileRef = 1C72529E258BAD3900D17B0C /* ProfileHost.swift */; };
		1C7252A2258BAD7800D17B0C /* ProfileSummary.swift in Sources */ = {isa = PBXBuildFile; fileRef = 1C7252A1258BAD7800D17B0C /* ProfileSummary.swift */; };
		1C7252A5258BAE3D00D17B0C /* HikeBadge.swift in Sources */ = {isa = PBXBuildFile; fileRef = 1C7252A4258BAE3D00D17B0C /* HikeBadge.swift */; };
		1C7252A8258BB6AD00D17B0C /* ProfileEditor.swift in Sources */ = {isa = PBXBuildFile; fileRef = 1C7252A7258BB6AD00D17B0C /* ProfileEditor.swift */; };
		1C939D752589058800E9F7B5 /* FavoriteButton.swift in Sources */ = {isa = PBXBuildFile; fileRef = 1C939D742589058800E9F7B5 /* FavoriteButton.swift */; };
		1C939D79258906B900E9F7B5 /* HexagonParameters.swift in Sources */ = {isa = PBXBuildFile; fileRef = 1C939D78258906B900E9F7B5 /* HexagonParameters.swift */; };
		1C939D7C2589084F00E9F7B5 /* BadgeBackground.swift in Sources */ = {isa = PBXBuildFile; fileRef = 1C939D7B2589084F00E9F7B5 /* BadgeBackground.swift */; };
		1CAFA17E2586F09200441EA0 /* LandmarksApp.swift in Sources */ = {isa = PBXBuildFile; fileRef = 1CAFA17D2586F09200441EA0 /* LandmarksApp.swift */; };
		1CAFA1802586F09200441EA0 /* ContentView.swift in Sources */ = {isa = PBXBuildFile; fileRef = 1CAFA17F2586F09200441EA0 /* ContentView.swift */; };
		1CAFA1822586F09300441EA0 /* Assets.xcassets in Resources */ = {isa = PBXBuildFile; fileRef = 1CAFA1812586F09300441EA0 /* Assets.xcassets */; };
		1CAFA1852586F09300441EA0 /* Preview Assets.xcassets in Resources */ = {isa = PBXBuildFile; fileRef = 1CAFA1842586F09300441EA0 /* Preview Assets.xcassets */; };
		1CAFA18E2586F2BE00441EA0 /* CircleImage.swift in Sources */ = {isa = PBXBuildFile; fileRef = 1CAFA18D2586F2BD00441EA0 /* CircleImage.swift */; };
		1CAFA1912586F36700441EA0 /* MapView.swift in Sources */ = {isa = PBXBuildFile; fileRef = 1CAFA1902586F36700441EA0 /* MapView.swift */; };
		1CAFA19425879A2400441EA0 /* landmarkData.json in Resources */ = {isa = PBXBuildFile; fileRef = 1CAFA19325879A2400441EA0 /* landmarkData.json */; };
		1CAFA19725879A5500441EA0 /* Landmark.swift in Sources */ = {isa = PBXBuildFile; fileRef = 1CAFA19625879A5500441EA0 /* Landmark.swift */; };
		1CAFA19A25879B7100441EA0 /* ModelData.swift in Sources */ = {isa = PBXBuildFile; fileRef = 1CAFA19925879B7100441EA0 /* ModelData.swift */; };
		1CAFA1A62587A2A200441EA0 /* LandmarkList.swift in Sources */ = {isa = PBXBuildFile; fileRef = 1CAFA1A52587A2A200441EA0 /* LandmarkList.swift */; };
		1CAFA1A92587B1DD00441EA0 /* LandmarkDetail.swift in Sources */ = {isa = PBXBuildFile; fileRef = 1CAFA1A82587B1DD00441EA0 /* LandmarkDetail.swift */; };
		1CEFE4AE2589A5F600A108B1 /* BadgeSymbol.swift in Sources */ = {isa = PBXBuildFile; fileRef = 1CEFE4AD2589A5F600A108B1 /* BadgeSymbol.swift */; };
		1CEFE4B12589A72E00A108B1 /* RotatedBadgeSymbol.swift in Sources */ = {isa = PBXBuildFile; fileRef = 1CEFE4B02589A72E00A108B1 /* RotatedBadgeSymbol.swift */; };
		1CEFE4B42589A7A100A108B1 /* Badge.swift in Sources */ = {isa = PBXBuildFile; fileRef = 1CEFE4B32589A7A100A108B1 /* Badge.swift */; };
		1CEFE4BB2589A96200A108B1 /* LandmarkRow.swift in Sources */ = {isa = PBXBuildFile; fileRef = 1CEFE4BA2589A96200A108B1 /* LandmarkRow.swift */; };
		1CEFE4BE258A407700A108B1 /* hikeData.json in Resources */ = {isa = PBXBuildFile; fileRef = 1CEFE4BD258A407700A108B1 /* hikeData.json */; };
		1CEFE4C1258A40A600A108B1 /* Hike.swift in Sources */ = {isa = PBXBuildFile; fileRef = 1CEFE4C0258A40A600A108B1 /* Hike.swift */; };
/* End PBXBuildFile section */

/* Begin PBXFileReference section */
		1C595C71258A42D800DA7B3C /* GraphCapsule.swift */ = {isa = PBXFileReference; fileEncoding = 4; lastKnownFileType = sourcecode.swift; path = GraphCapsule.swift; sourceTree = "<group>"; };
		1C595C72258A42D800DA7B3C /* HikeGraph.swift */ = {isa = PBXFileReference; fileEncoding = 4; lastKnownFileType = sourcecode.swift; path = HikeGraph.swift; sourceTree = "<group>"; };
		1C595C73258A42D800DA7B3C /* HikeDetail.swift */ = {isa = PBXFileReference; fileEncoding = 4; lastKnownFileType = sourcecode.swift; path = HikeDetail.swift; sourceTree = "<group>"; };
		1C595C74258A42D800DA7B3C /* HikeView.swift */ = {isa = PBXFileReference; fileEncoding = 4; lastKnownFileType = sourcecode.swift; path = HikeView.swift; sourceTree = "<group>"; };
		1C725290258AAF1000D17B0C /* CategoryHome.swift */ = {isa = PBXFileReference; lastKnownFileType = sourcecode.swift; path = CategoryHome.swift; sourceTree = "<group>"; };
		1C725294258AB5FE00D17B0C /* CategoryRow.swift */ = {isa = PBXFileReference; lastKnownFileType = sourcecode.swift; path = CategoryRow.swift; sourceTree = "<group>"; };
		1C725297258AB79800D17B0C /* CategoryItem.swift */ = {isa = PBXFileReference; lastKnownFileType = sourcecode.swift; path = CategoryItem.swift; sourceTree = "<group>"; };
		1C72529A258BAC6800D17B0C /* Profile.swift */ = {isa = PBXFileReference; lastKnownFileType = sourcecode.swift; path = Profile.swift; sourceTree = "<group>"; };
		1C72529E258BAD3900D17B0C /* ProfileHost.swift */ = {isa = PBXFileReference; lastKnownFileType = sourcecode.swift; path = ProfileHost.swift; sourceTree = "<group>"; };
		1C7252A1258BAD7800D17B0C /* ProfileSummary.swift */ = {isa = PBXFileReference; lastKnownFileType = sourcecode.swift; path = ProfileSummary.swift; sourceTree = "<group>"; };
		1C7252A4258BAE3D00D17B0C /* HikeBadge.swift */ = {isa = PBXFileReference; lastKnownFileType = sourcecode.swift; path = HikeBadge.swift; sourceTree = "<group>"; };
		1C7252A7258BB6AD00D17B0C /* ProfileEditor.swift */ = {isa = PBXFileReference; lastKnownFileType = sourcecode.swift; path = ProfileEditor.swift; sourceTree = "<group>"; };
		1C939D742589058800E9F7B5 /* FavoriteButton.swift */ = {isa = PBXFileReference; lastKnownFileType = sourcecode.swift; path = FavoriteButton.swift; sourceTree = "<group>"; };
		1C939D78258906B900E9F7B5 /* HexagonParameters.swift */ = {isa = PBXFileReference; lastKnownFileType = sourcecode.swift; path = HexagonParameters.swift; sourceTree = "<group>"; };
		1C939D7B2589084F00E9F7B5 /* BadgeBackground.swift */ = {isa = PBXFileReference; lastKnownFileType = sourcecode.swift; path = BadgeBackground.swift; sourceTree = "<group>"; };
		1CAFA17A2586F09200441EA0 /* Landmarks.app */ = {isa = PBXFileReference; explicitFileType = wrapper.application; includeInIndex = 0; path = Landmarks.app; sourceTree = BUILT_PRODUCTS_DIR; };
		1CAFA17D2586F09200441EA0 /* LandmarksApp.swift */ = {isa = PBXFileReference; lastKnownFileType = sourcecode.swift; path = LandmarksApp.swift; sourceTree = "<group>"; };
		1CAFA17F2586F09200441EA0 /* ContentView.swift */ = {isa = PBXFileReference; lastKnownFileType = sourcecode.swift; path = ContentView.swift; sourceTree = "<group>"; };
		1CAFA1812586F09300441EA0 /* Assets.xcassets */ = {isa = PBXFileReference; lastKnownFileType = folder.assetcatalog; path = Assets.xcassets; sourceTree = "<group>"; };
		1CAFA1842586F09300441EA0 /* Preview Assets.xcassets */ = {isa = PBXFileReference; lastKnownFileType = folder.assetcatalog; path = "Preview Assets.xcassets"; sourceTree = "<group>"; };
		1CAFA1862586F09300441EA0 /* Info.plist */ = {isa = PBXFileReference; lastKnownFileType = text.plist.xml; path = Info.plist; sourceTree = "<group>"; };
		1CAFA18D2586F2BD00441EA0 /* CircleImage.swift */ = {isa = PBXFileReference; lastKnownFileType = sourcecode.swift; path = CircleImage.swift; sourceTree = "<group>"; };
		1CAFA1902586F36700441EA0 /* MapView.swift */ = {isa = PBXFileReference; lastKnownFileType = sourcecode.swift; path = MapView.swift; sourceTree = "<group>"; };
		1CAFA19325879A2400441EA0 /* landmarkData.json */ = {isa = PBXFileReference; fileEncoding = 4; lastKnownFileType = text.json; path = landmarkData.json; sourceTree = "<group>"; };
		1CAFA19625879A5500441EA0 /* Landmark.swift */ = {isa = PBXFileReference; lastKnownFileType = sourcecode.swift; path = Landmark.swift; sourceTree = "<group>"; };
		1CAFA19925879B7100441EA0 /* ModelData.swift */ = {isa = PBXFileReference; lastKnownFileType = sourcecode.swift; path = ModelData.swift; sourceTree = "<group>"; };
		1CAFA1A52587A2A200441EA0 /* LandmarkList.swift */ = {isa = PBXFileReference; lastKnownFileType = sourcecode.swift; path = LandmarkList.swift; sourceTree = "<group>"; };
		1CAFA1A82587B1DD00441EA0 /* LandmarkDetail.swift */ = {isa = PBXFileReference; lastKnownFileType = sourcecode.swift; path = LandmarkDetail.swift; sourceTree = "<group>"; };
		1CEFE4AD2589A5F600A108B1 /* BadgeSymbol.swift */ = {isa = PBXFileReference; lastKnownFileType = sourcecode.swift; path = BadgeSymbol.swift; sourceTree = "<group>"; };
		1CEFE4B02589A72E00A108B1 /* RotatedBadgeSymbol.swift */ = {isa = PBXFileReference; lastKnownFileType = sourcecode.swift; path = RotatedBadgeSymbol.swift; sourceTree = "<group>"; };
		1CEFE4B32589A7A100A108B1 /* Badge.swift */ = {isa = PBXFileReference; lastKnownFileType = sourcecode.swift; path = Badge.swift; sourceTree = "<group>"; };
		1CEFE4BA2589A96200A108B1 /* LandmarkRow.swift */ = {isa = PBXFileReference; fileEncoding = 4; lastKnownFileType = sourcecode.swift; path = LandmarkRow.swift; sourceTree = "<group>"; };
		1CEFE4BD258A407700A108B1 /* hikeData.json */ = {isa = PBXFileReference; fileEncoding = 4; lastKnownFileType = text.json; path = hikeData.json; sourceTree = "<group>"; };
		1CEFE4C0258A40A600A108B1 /* Hike.swift */ = {isa = PBXFileReference; lastKnownFileType = sourcecode.swift; path = Hike.swift; sourceTree = SOURCE_ROOT; };
/* End PBXFileReference section */

/* Begin PBXFrameworksBuildPhase section */
		1CAFA1772586F09200441EA0 /* Frameworks */ = {
			isa = PBXFrameworksBuildPhase;
			buildActionMask = 2147483647;
			files = (
			);
			runOnlyForDeploymentPostprocessing = 0;
		};
/* End PBXFrameworksBuildPhase section */

/* Begin PBXGroup section */
		1C595C70258A42D800DA7B3C /* Hikes */ = {
			isa = PBXGroup;
			children = (
				1C595C71258A42D800DA7B3C /* GraphCapsule.swift */,
				1C595C72258A42D800DA7B3C /* HikeGraph.swift */,
				1C595C73258A42D800DA7B3C /* HikeDetail.swift */,
				1C595C74258A42D800DA7B3C /* HikeView.swift */,
				1C7252A4258BAE3D00D17B0C /* HikeBadge.swift */,
			);
			path = Hikes;
			sourceTree = "<group>";
		};
		1C6DE6E025885402003AD4D6 /* Helpers */ = {
			isa = PBXGroup;
			children = (
				1CAFA18D2586F2BD00441EA0 /* CircleImage.swift */,
				1CAFA1902586F36700441EA0 /* MapView.swift */,
				1C939D742589058800E9F7B5 /* FavoriteButton.swift */,
			);
			path = Helpers;
			sourceTree = "<group>";
		};
		1C72528F258AAEFA00D17B0C /* Categories */ = {
			isa = PBXGroup;
			children = (
				1C725290258AAF1000D17B0C /* CategoryHome.swift */,
				1C725294258AB5FE00D17B0C /* CategoryRow.swift */,
				1C725297258AB79800D17B0C /* CategoryItem.swift */,
			);
			path = Categories;
			sourceTree = "<group>";
		};
		1C72529D258BAD2000D17B0C /* Profiles */ = {
			isa = PBXGroup;
			children = (
				1C72529E258BAD3900D17B0C /* ProfileHost.swift */,
				1C7252A1258BAD7800D17B0C /* ProfileSummary.swift */,
				1C7252A7258BB6AD00D17B0C /* ProfileEditor.swift */,
			);
			path = Profiles;
			sourceTree = "<group>";
		};
		1CAFA1712586F09200441EA0 = {
			isa = PBXGroup;
			children = (
				1CAFA17C2586F09200441EA0 /* Landmarks */,
				1CAFA17B2586F09200441EA0 /* Products */,
			);
			sourceTree = "<group>";
		};
		1CAFA17B2586F09200441EA0 /* Products */ = {
			isa = PBXGroup;
			children = (
				1CAFA17A2586F09200441EA0 /* Landmarks.app */,
			);
			name = Products;
			sourceTree = "<group>";
		};
		1CAFA17C2586F09200441EA0 /* Landmarks */ = {
			isa = PBXGroup;
			children = (
				1CAFA17D2586F09200441EA0 /* LandmarksApp.swift */,
				1CAFA19E25879C9B00441EA0 /* Views */,
				1CAFA19C25879C8B00441EA0 /* Model */,
				1CAFA1A025879CA300441EA0 /* Resources */,
				1CAFA1812586F09300441EA0 /* Assets.xcassets */,
				1CAFA1862586F09300441EA0 /* Info.plist */,
				1CAFA1832586F09300441EA0 /* Preview Content */,
			);
			path = Landmarks;
			sourceTree = "<group>";
		};
		1CAFA1832586F09300441EA0 /* Preview Content */ = {
			isa = PBXGroup;
			children = (
				1CAFA1842586F09300441EA0 /* Preview Assets.xcassets */,
			);
			path = "Preview Content";
			sourceTree = "<group>";
		};
		1CAFA19C25879C8B00441EA0 /* Model */ = {
			isa = PBXGroup;
			children = (
				1CEFE4C0258A40A600A108B1 /* Hike.swift */,
				1CAFA19625879A5500441EA0 /* Landmark.swift */,
				1CAFA19925879B7100441EA0 /* ModelData.swift */,
				1C72529A258BAC6800D17B0C /* Profile.swift */,
			);
			path = Model;
			sourceTree = "<group>";
		};
		1CAFA19E25879C9B00441EA0 /* Views */ = {
			isa = PBXGroup;
			children = (
				1C72529D258BAD2000D17B0C /* Profiles */,
				1C72528F258AAEFA00D17B0C /* Categories */,
				1C595C70258A42D800DA7B3C /* Hikes */,
				1C6DE6E025885402003AD4D6 /* Helpers */,
				1CEFE4B82589A8FD00A108B1 /* Landmarks */,
				1CAFA17F2586F09200441EA0 /* ContentView.swift */,
				1CEFE4B62589A8EA00A108B1 /* Badges */,
			);
			path = Views;
			sourceTree = "<group>";
		};
		1CAFA1A025879CA300441EA0 /* Resources */ = {
			isa = PBXGroup;
			children = (
				1CEFE4BD258A407700A108B1 /* hikeData.json */,
				1CAFA19325879A2400441EA0 /* landmarkData.json */,
			);
			path = Resources;
			sourceTree = "<group>";
		};
		1CEFE4B62589A8EA00A108B1 /* Badges */ = {
			isa = PBXGroup;
			children = (
				1C939D78258906B900E9F7B5 /* HexagonParameters.swift */,
				1C939D7B2589084F00E9F7B5 /* BadgeBackground.swift */,
				1CEFE4AD2589A5F600A108B1 /* BadgeSymbol.swift */,
				1CEFE4B02589A72E00A108B1 /* RotatedBadgeSymbol.swift */,
				1CEFE4B32589A7A100A108B1 /* Badge.swift */,
			);
			path = Badges;
			sourceTree = "<group>";
		};
		1CEFE4B82589A8FD00A108B1 /* Landmarks */ = {
			isa = PBXGroup;
			children = (
				1CEFE4BA2589A96200A108B1 /* LandmarkRow.swift */,
				1CAFA1A52587A2A200441EA0 /* LandmarkList.swift */,
				1CAFA1A82587B1DD00441EA0 /* LandmarkDetail.swift */,
			);
			path = Landmarks;
			sourceTree = "<group>";
		};
/* End PBXGroup section */

/* Begin PBXNativeTarget section */
		1CAFA1792586F09200441EA0 /* Landmarks */ = {
			isa = PBXNativeTarget;
			buildConfigurationList = 1CAFA1892586F09300441EA0 /* Build configuration list for PBXNativeTarget "Landmarks" */;
			buildPhases = (
				1CAFA1762586F09200441EA0 /* Sources */,
				1CAFA1772586F09200441EA0 /* Frameworks */,
				1CAFA1782586F09200441EA0 /* Resources */,
			);
			buildRules = (
			);
			dependencies = (
			);
			name = Landmarks;
			productName = Landmarks;
			productReference = 1CAFA17A2586F09200441EA0 /* Landmarks.app */;
			productType = "com.apple.product-type.application";
		};
/* End PBXNativeTarget section */

/* Begin PBXProject section */
		1CAFA1722586F09200441EA0 /* Project object */ = {
			isa = PBXProject;
			attributes = {
				LastSwiftUpdateCheck = 1220;
				LastUpgradeCheck = 1220;
				TargetAttributes = {
					1CAFA1792586F09200441EA0 = {
						CreatedOnToolsVersion = 12.2;
					};
				};
			};
			buildConfigurationList = 1CAFA1752586F09200441EA0 /* Build configuration list for PBXProject "Landmarks" */;
			compatibilityVersion = "Xcode 9.3";
			developmentRegion = en;
			hasScannedForEncodings = 0;
			knownRegions = (
				en,
				Base,
			);
			mainGroup = 1CAFA1712586F09200441EA0;
			productRefGroup = 1CAFA17B2586F09200441EA0 /* Products */;
			projectDirPath = "";
			projectRoot = "";
			targets = (
				1CAFA1792586F09200441EA0 /* Landmarks */,
			);
		};
/* End PBXProject section */

/* Begin PBXResourcesBuildPhase section */
		1CAFA1782586F09200441EA0 /* Resources */ = {
			isa = PBXResourcesBuildPhase;
			buildActionMask = 2147483647;
			files = (
				1CEFE4BE258A407700A108B1 /* hikeData.json in Resources */,
				1CAFA1852586F09300441EA0 /* Preview Assets.xcassets in Resources */,
				1CAFA1822586F09300441EA0 /* Assets.xcassets in Resources */,
				1CAFA19425879A2400441EA0 /* landmarkData.json in Resources */,
			);
			runOnlyForDeploymentPostprocessing = 0;
		};
/* End PBXResourcesBuildPhase section */

/* Begin PBXSourcesBuildPhase section */
		1CAFA1762586F09200441EA0 /* Sources */ = {
			isa = PBXSourcesBuildPhase;
			buildActionMask = 2147483647;
			files = (
				1C725295258AB5FE00D17B0C /* CategoryRow.swift in Sources */,
				1C72529B258BAC6800D17B0C /* Profile.swift in Sources */,
				1CAFA1802586F09200441EA0 /* ContentView.swift in Sources */,
				1C725291258AAF1000D17B0C /* CategoryHome.swift in Sources */,
				1C595C76258A42D800DA7B3C /* HikeGraph.swift in Sources */,
				1CEFE4B42589A7A100A108B1 /* Badge.swift in Sources */,
				1CAFA1912586F36700441EA0 /* MapView.swift in Sources */,
				1C595C75258A42D800DA7B3C /* GraphCapsule.swift in Sources */,
				1CAFA17E2586F09200441EA0 /* LandmarksApp.swift in Sources */,
				1C939D752589058800E9F7B5 /* FavoriteButton.swift in Sources */,
				1C725298258AB79800D17B0C /* CategoryItem.swift in Sources */,
				1C595C77258A42D800DA7B3C /* HikeDetail.swift in Sources */,
				1C7252A2258BAD7800D17B0C /* ProfileSummary.swift in Sources */,
				1C939D79258906B900E9F7B5 /* HexagonParameters.swift in Sources */,
				1C72529F258BAD3900D17B0C /* ProfileHost.swift in Sources */,
				1CEFE4C1258A40A600A108B1 /* Hike.swift in Sources */,
				1CEFE4B12589A72E00A108B1 /* RotatedBadgeSymbol.swift in Sources */,
				1CEFE4AE2589A5F600A108B1 /* BadgeSymbol.swift in Sources */,
				1C7252A8258BB6AD00D17B0C /* ProfileEditor.swift in Sources */,
				1CEFE4BB2589A96200A108B1 /* LandmarkRow.swift in Sources */,
				1C595C78258A42D800DA7B3C /* HikeView.swift in Sources */,
				1CAFA1A62587A2A200441EA0 /* LandmarkList.swift in Sources */,
				1CAFA1A92587B1DD00441EA0 /* LandmarkDetail.swift in Sources */,
				1C7252A5258BAE3D00D17B0C /* HikeBadge.swift in Sources */,
				1C939D7C2589084F00E9F7B5 /* BadgeBackground.swift in Sources */,
				1CAFA18E2586F2BE00441EA0 /* CircleImage.swift in Sources */,
				1CAFA19725879A5500441EA0 /* Landmark.swift in Sources */,
				1CAFA19A25879B7100441EA0 /* ModelData.swift in Sources */,
			);
			runOnlyForDeploymentPostprocessing = 0;
		};
/* End PBXSourcesBuildPhase section */

/* Begin XCBuildConfiguration section */
		1CAFA1872586F09300441EA0 /* Debug */ = {
			isa = XCBuildConfiguration;
			buildSettings = {
				ALWAYS_SEARCH_USER_PATHS = NO;
				CLANG_ANALYZER_NONNULL = YES;
				CLANG_ANALYZER_NUMBER_OBJECT_CONVERSION = YES_AGGRESSIVE;
				CLANG_CXX_LANGUAGE_STANDARD = "gnu++14";
				CLANG_CXX_LIBRARY = "libc++";
				CLANG_ENABLE_MODULES = YES;
				CLANG_ENABLE_OBJC_ARC = YES;
				CLANG_ENABLE_OBJC_WEAK = YES;
				CLANG_WARN_BLOCK_CAPTURE_AUTORELEASING = YES;
				CLANG_WARN_BOOL_CONVERSION = YES;
				CLANG_WARN_COMMA = YES;
				CLANG_WARN_CONSTANT_CONVERSION = YES;
				CLANG_WARN_DEPRECATED_OBJC_IMPLEMENTATIONS = YES;
				CLANG_WARN_DIRECT_OBJC_ISA_USAGE = YES_ERROR;
				CLANG_WARN_DOCUMENTATION_COMMENTS = YES;
				CLANG_WARN_EMPTY_BODY = YES;
				CLANG_WARN_ENUM_CONVERSION = YES;
				CLANG_WARN_INFINITE_RECURSION = YES;
				CLANG_WARN_INT_CONVERSION = YES;
				CLANG_WARN_NON_LITERAL_NULL_CONVERSION = YES;
				CLANG_WARN_OBJC_IMPLICIT_RETAIN_SELF = YES;
				CLANG_WARN_OBJC_LITERAL_CONVERSION = YES;
				CLANG_WARN_OBJC_ROOT_CLASS = YES_ERROR;
				CLANG_WARN_QUOTED_INCLUDE_IN_FRAMEWORK_HEADER = YES;
				CLANG_WARN_RANGE_LOOP_ANALYSIS = YES;
				CLANG_WARN_STRICT_PROTOTYPES = YES;
				CLANG_WARN_SUSPICIOUS_MOVE = YES;
				CLANG_WARN_UNGUARDED_AVAILABILITY = YES_AGGRESSIVE;
				CLANG_WARN_UNREACHABLE_CODE = YES;
				CLANG_WARN__DUPLICATE_METHOD_MATCH = YES;
				COPY_PHASE_STRIP = NO;
				DEBUG_INFORMATION_FORMAT = dwarf;
				ENABLE_STRICT_OBJC_MSGSEND = YES;
				ENABLE_TESTABILITY = YES;
				GCC_C_LANGUAGE_STANDARD = gnu11;
				GCC_DYNAMIC_NO_PIC = NO;
				GCC_NO_COMMON_BLOCKS = YES;
				GCC_OPTIMIZATION_LEVEL = 0;
				GCC_PREPROCESSOR_DEFINITIONS = (
					"DEBUG=1",
					"$(inherited)",
				);
				GCC_WARN_64_TO_32_BIT_CONVERSION = YES;
				GCC_WARN_ABOUT_RETURN_TYPE = YES_ERROR;
				GCC_WARN_UNDECLARED_SELECTOR = YES;
				GCC_WARN_UNINITIALIZED_AUTOS = YES_AGGRESSIVE;
				GCC_WARN_UNUSED_FUNCTION = YES;
				GCC_WARN_UNUSED_VARIABLE = YES;
				IPHONEOS_DEPLOYMENT_TARGET = 14.2;
				MTL_ENABLE_DEBUG_INFO = INCLUDE_SOURCE;
				MTL_FAST_MATH = YES;
				ONLY_ACTIVE_ARCH = YES;
				SDKROOT = iphoneos;
				SWIFT_ACTIVE_COMPILATION_CONDITIONS = DEBUG;
				SWIFT_OPTIMIZATION_LEVEL = "-Onone";
			};
			name = Debug;
		};
		1CAFA1882586F09300441EA0 /* Release */ = {
			isa = XCBuildConfiguration;
			buildSettings = {
				ALWAYS_SEARCH_USER_PATHS = NO;
				CLANG_ANALYZER_NONNULL = YES;
				CLANG_ANALYZER_NUMBER_OBJECT_CONVERSION = YES_AGGRESSIVE;
				CLANG_CXX_LANGUAGE_STANDARD = "gnu++14";
				CLANG_CXX_LIBRARY = "libc++";
				CLANG_ENABLE_MODULES = YES;
				CLANG_ENABLE_OBJC_ARC = YES;
				CLANG_ENABLE_OBJC_WEAK = YES;
				CLANG_WARN_BLOCK_CAPTURE_AUTORELEASING = YES;
				CLANG_WARN_BOOL_CONVERSION = YES;
				CLANG_WARN_COMMA = YES;
				CLANG_WARN_CONSTANT_CONVERSION = YES;
				CLANG_WARN_DEPRECATED_OBJC_IMPLEMENTATIONS = YES;
				CLANG_WARN_DIRECT_OBJC_ISA_USAGE = YES_ERROR;
				CLANG_WARN_DOCUMENTATION_COMMENTS = YES;
				CLANG_WARN_EMPTY_BODY = YES;
				CLANG_WARN_ENUM_CONVERSION = YES;
				CLANG_WARN_INFINITE_RECURSION = YES;
				CLANG_WARN_INT_CONVERSION = YES;
				CLANG_WARN_NON_LITERAL_NULL_CONVERSION = YES;
				CLANG_WARN_OBJC_IMPLICIT_RETAIN_SELF = YES;
				CLANG_WARN_OBJC_LITERAL_CONVERSION = YES;
				CLANG_WARN_OBJC_ROOT_CLASS = YES_ERROR;
				CLANG_WARN_QUOTED_INCLUDE_IN_FRAMEWORK_HEADER = YES;
				CLANG_WARN_RANGE_LOOP_ANALYSIS = YES;
				CLANG_WARN_STRICT_PROTOTYPES = YES;
				CLANG_WARN_SUSPICIOUS_MOVE = YES;
				CLANG_WARN_UNGUARDED_AVAILABILITY = YES_AGGRESSIVE;
				CLANG_WARN_UNREACHABLE_CODE = YES;
				CLANG_WARN__DUPLICATE_METHOD_MATCH = YES;
				COPY_PHASE_STRIP = NO;
				DEBUG_INFORMATION_FORMAT = "dwarf-with-dsym";
				ENABLE_NS_ASSERTIONS = NO;
				ENABLE_STRICT_OBJC_MSGSEND = YES;
				GCC_C_LANGUAGE_STANDARD = gnu11;
				GCC_NO_COMMON_BLOCKS = YES;
				GCC_WARN_64_TO_32_BIT_CONVERSION = YES;
				GCC_WARN_ABOUT_RETURN_TYPE = YES_ERROR;
				GCC_WARN_UNDECLARED_SELECTOR = YES;
				GCC_WARN_UNINITIALIZED_AUTOS = YES_AGGRESSIVE;
				GCC_WARN_UNUSED_FUNCTION = YES;
				GCC_WARN_UNUSED_VARIABLE = YES;
				IPHONEOS_DEPLOYMENT_TARGET = 14.2;
				MTL_ENABLE_DEBUG_INFO = NO;
				MTL_FAST_MATH = YES;
				SDKROOT = iphoneos;
				SWIFT_COMPILATION_MODE = wholemodule;
				SWIFT_OPTIMIZATION_LEVEL = "-O";
				VALIDATE_PRODUCT = YES;
			};
			name = Release;
		};
		1CAFA18A2586F09300441EA0 /* Debug */ = {
			isa = XCBuildConfiguration;
			buildSettings = {
				ASSETCATALOG_COMPILER_APPICON_NAME = AppIcon;
				ASSETCATALOG_COMPILER_GLOBAL_ACCENT_COLOR_NAME = AccentColor;
				CODE_SIGN_STYLE = Automatic;
				DEVELOPMENT_ASSET_PATHS = "\"Landmarks/Preview Content\"";
				DEVELOPMENT_TEAM = 33V2RDU2CC;
				ENABLE_PREVIEWS = YES;
				INFOPLIST_FILE = Landmarks/Info.plist;
				IPHONEOS_DEPLOYMENT_TARGET = 14.0;
				LD_RUNPATH_SEARCH_PATHS = (
					"$(inherited)",
					"@executable_path/Frameworks",
				);
				PRODUCT_BUNDLE_IDENTIFIER = com.ajc.Landmarks;
				PRODUCT_NAME = "$(TARGET_NAME)";
				SWIFT_VERSION = 5.0;
				TARGETED_DEVICE_FAMILY = "1,2";
			};
			name = Debug;
		};
		1CAFA18B2586F09300441EA0 /* Release */ = {
			isa = XCBuildConfiguration;
			buildSettings = {
				ASSETCATALOG_COMPILER_APPICON_NAME = AppIcon;
				ASSETCATALOG_COMPILER_GLOBAL_ACCENT_COLOR_NAME = AccentColor;
				CODE_SIGN_STYLE = Automatic;
				DEVELOPMENT_ASSET_PATHS = "\"Landmarks/Preview Content\"";
				DEVELOPMENT_TEAM = 33V2RDU2CC;
				ENABLE_PREVIEWS = YES;
				INFOPLIST_FILE = Landmarks/Info.plist;
				IPHONEOS_DEPLOYMENT_TARGET = 14.0;
				LD_RUNPATH_SEARCH_PATHS = (
					"$(inherited)",
					"@executable_path/Frameworks",
				);
				PRODUCT_BUNDLE_IDENTIFIER = com.ajc.Landmarks;
				PRODUCT_NAME = "$(TARGET_NAME)";
				SWIFT_VERSION = 5.0;
				TARGETED_DEVICE_FAMILY = "1,2";
			};
			name = Release;
		};
/* End XCBuildConfiguration section */

/* Begin XCConfigurationList section */
		1CAFA1752586F09200441EA0 /* Build configuration list for PBXProject "Landmarks" */ = {
			isa = XCConfigurationList;
			buildConfigurations = (
				1CAFA1872586F09300441EA0 /* Debug */,
				1CAFA1882586F09300441EA0 /* Release */,
			);
			defaultConfigurationIsVisible = 0;
			defaultConfigurationName = Release;
		};
		1CAFA1892586F09300441EA0 /* Build configuration list for PBXNativeTarget "Landmarks" */ = {
			isa = XCConfigurationList;
			buildConfigurations = (
				1CAFA18A2586F09300441EA0 /* Debug */,
				1CAFA18B2586F09300441EA0 /* Release */,
			);
			defaultConfigurationIsVisible = 0;
			defaultConfigurationName = Release;
		};
/* End XCConfigurationList section */
	};
	rootObject = 1CAFA1722586F09200441EA0 /* Project object */;
}
